{
  "requires": true,
  "lockfileVersion": 1,
  "dependencies": {
    "vue-cli-plugin-bootstrap-vue": {
      "version": "0.7.0",
      "resolved": "https://registry.npmjs.org/vue-cli-plugin-bootstrap-vue/-/vue-cli-plugin-bootstrap-vue-0.7.0.tgz",
      "integrity": "sha512-KYP7CpwbM6Xw94LR2G6y8ZqqTDKlYTgLDwsxaNUj8NyuAo/mpo2y6Q67T9CXjiPgJYVbWH5IzkhE0gHc+9xZKA==",
      "dev": true
    }
  }
}
